// !$*UTF8*$!
{
	archiveVersion = 1;
	classes = {
	};
	objectVersion = 50;
	objects = {

/* Begin PBXBuildFile section */
		22332A5120CD5972004FFCB9 /* Success.json in Resources */ = {isa = PBXBuildFile; fileRef = 22332A5020CD5972004FFCB9 /* Success.json */; };
		22332A5320CD598E004FFCB9 /* Lottie.framework in Frameworks */ = {isa = PBXBuildFile; fileRef = 22332A5220CD598D004FFCB9 /* Lottie.framework */; };
		22332A5420CD598E004FFCB9 /* Lottie.framework in Embed Frameworks */ = {isa = PBXBuildFile; fileRef = 22332A5220CD598D004FFCB9 /* Lottie.framework */; settings = {ATTRIBUTES = (CodeSignOnCopy, RemoveHeadersOnCopy, ); }; };
		22507A0820CC0B3C004F5D3E /* Constants.swift in Sources */ = {isa = PBXBuildFile; fileRef = 22507A0720CC0B3C004F5D3E /* Constants.swift */; };
		22507A1020CC0F56004F5D3E /* IntentHandler.swift in Sources */ = {isa = PBXBuildFile; fileRef = 22507A0F20CC0F56004F5D3E /* IntentHandler.swift */; };
		22507A1920CC0F57004F5D3E /* IntentsUI.framework in Frameworks */ = {isa = PBXBuildFile; fileRef = 22507A1820CC0F57004F5D3E /* IntentsUI.framework */; };
		22507A1C20CC0F57004F5D3E /* IntentViewController.swift in Sources */ = {isa = PBXBuildFile; fileRef = 22507A1B20CC0F57004F5D3E /* IntentViewController.swift */; };
		22507A1F20CC0F57004F5D3E /* MainInterface.storyboard in Resources */ = {isa = PBXBuildFile; fileRef = 22507A1D20CC0F57004F5D3E /* MainInterface.storyboard */; };
		22507A2320CC0F57004F5D3E /* Menu IntentUI.appex in Embed App Extensions */ = {isa = PBXBuildFile; fileRef = 22507A1620CC0F57004F5D3E /* Menu IntentUI.appex */; settings = {ATTRIBUTES = (RemoveHeadersOnCopy, ); }; };
		22507A2620CC0F57004F5D3E /* Menu Intent.appex in Embed App Extensions */ = {isa = PBXBuildFile; fileRef = 22507A0D20CC0F56004F5D3E /* Menu Intent.appex */; settings = {ATTRIBUTES = (RemoveHeadersOnCopy, ); }; };
		22507A2F20CC10A8004F5D3E /* PushService.swift in Sources */ = {isa = PBXBuildFile; fileRef = 22507A2E20CC10A8004F5D3E /* PushService.swift */; };
		22507A3020CC11DE004F5D3E /* PushService.swift in Sources */ = {isa = PBXBuildFile; fileRef = 22507A2E20CC10A8004F5D3E /* PushService.swift */; };
		22507A3120CC11DF004F5D3E /* PushService.swift in Sources */ = {isa = PBXBuildFile; fileRef = 22507A2E20CC10A8004F5D3E /* PushService.swift */; };
		22EF2D9220CBF4C800732155 /* AppDelegate.swift in Sources */ = {isa = PBXBuildFile; fileRef = 22EF2D9120CBF4C800732155 /* AppDelegate.swift */; };
		22EF2D9420CBF4C800732155 /* ViewController.swift in Sources */ = {isa = PBXBuildFile; fileRef = 22EF2D9320CBF4C800732155 /* ViewController.swift */; };
		22EF2D9720CBF4C900732155 /* Main.storyboard in Resources */ = {isa = PBXBuildFile; fileRef = 22EF2D9520CBF4C900732155 /* Main.storyboard */; };
		22EF2D9920CBF4CB00732155 /* Assets.xcassets in Resources */ = {isa = PBXBuildFile; fileRef = 22EF2D9820CBF4CB00732155 /* Assets.xcassets */; };
		22EF2D9C20CBF4CB00732155 /* LaunchScreen.storyboard in Resources */ = {isa = PBXBuildFile; fileRef = 22EF2D9A20CBF4CB00732155 /* LaunchScreen.storyboard */; };
/* End PBXBuildFile section */

/* Begin PBXContainerItemProxy section */
		22507A2120CC0F57004F5D3E /* PBXContainerItemProxy */ = {
			isa = PBXContainerItemProxy;
			containerPortal = 22EF2D8620CBF4C800732155 /* Project object */;
			proxyType = 1;
			remoteGlobalIDString = 22507A1520CC0F57004F5D3E;
			remoteInfo = "Menu IntentUI";
		};
		22507A2420CC0F57004F5D3E /* PBXContainerItemProxy */ = {
			isa = PBXContainerItemProxy;
			containerPortal = 22EF2D8620CBF4C800732155 /* Project object */;
			proxyType = 1;
			remoteGlobalIDString = 22507A0C20CC0F56004F5D3E;
			remoteInfo = "Menu Intent";
		};
/* End PBXContainerItemProxy section */

/* Begin PBXCopyFilesBuildPhase section */
		22332A5520CD598E004FFCB9 /* Embed Frameworks */ = {
			isa = PBXCopyFilesBuildPhase;
			buildActionMask = 2147483647;
			dstPath = "";
			dstSubfolderSpec = 10;
			files = (
				22332A5420CD598E004FFCB9 /* Lottie.framework in Embed Frameworks */,
			);
			name = "Embed Frameworks";
			runOnlyForDeploymentPostprocessing = 0;
		};
		22507A2D20CC0F57004F5D3E /* Embed App Extensions */ = {
			isa = PBXCopyFilesBuildPhase;
			buildActionMask = 2147483647;
			dstPath = "";
			dstSubfolderSpec = 13;
			files = (
				22507A2620CC0F57004F5D3E /* Menu Intent.appex in Embed App Extensions */,
				22507A2320CC0F57004F5D3E /* Menu IntentUI.appex in Embed App Extensions */,
			);
			name = "Embed App Extensions";
			runOnlyForDeploymentPostprocessing = 0;
		};
/* End PBXCopyFilesBuildPhase section */

/* Begin PBXFileReference section */
		22332A5020CD5972004FFCB9 /* Success.json */ = {isa = PBXFileReference; fileEncoding = 4; lastKnownFileType = text.json; path = Success.json; sourceTree = "<group>"; };
		22332A5220CD598D004FFCB9 /* Lottie.framework */ = {isa = PBXFileReference; lastKnownFileType = wrapper.framework; name = Lottie.framework; path = Carthage/Build/iOS/Lottie.framework; sourceTree = "<group>"; };
		22507A0620CC090E004F5D3E /* HfG-Menu.entitlements */ = {isa = PBXFileReference; lastKnownFileType = text.plist.entitlements; path = "HfG-Menu.entitlements"; sourceTree = "<group>"; };
		22507A0720CC0B3C004F5D3E /* Constants.swift */ = {isa = PBXFileReference; lastKnownFileType = sourcecode.swift; path = Constants.swift; sourceTree = "<group>"; };
		22507A0D20CC0F56004F5D3E /* Menu Intent.appex */ = {isa = PBXFileReference; explicitFileType = "wrapper.app-extension"; includeInIndex = 0; path = "Menu Intent.appex"; sourceTree = BUILT_PRODUCTS_DIR; };
		22507A0F20CC0F56004F5D3E /* IntentHandler.swift */ = {isa = PBXFileReference; lastKnownFileType = sourcecode.swift; path = IntentHandler.swift; sourceTree = "<group>"; };
		22507A1120CC0F56004F5D3E /* Info.plist */ = {isa = PBXFileReference; lastKnownFileType = text.plist.xml; path = Info.plist; sourceTree = "<group>"; };
		22507A1620CC0F57004F5D3E /* Menu IntentUI.appex */ = {isa = PBXFileReference; explicitFileType = "wrapper.app-extension"; includeInIndex = 0; path = "Menu IntentUI.appex"; sourceTree = BUILT_PRODUCTS_DIR; };
		22507A1820CC0F57004F5D3E /* IntentsUI.framework */ = {isa = PBXFileReference; lastKnownFileType = wrapper.framework; name = IntentsUI.framework; path = System/Library/Frameworks/IntentsUI.framework; sourceTree = SDKROOT; };
		22507A1B20CC0F57004F5D3E /* IntentViewController.swift */ = {isa = PBXFileReference; lastKnownFileType = sourcecode.swift; path = IntentViewController.swift; sourceTree = "<group>"; };
		22507A1E20CC0F57004F5D3E /* Base */ = {isa = PBXFileReference; lastKnownFileType = file.storyboard; name = Base; path = Base.lproj/MainInterface.storyboard; sourceTree = "<group>"; };
		22507A2020CC0F57004F5D3E /* Info.plist */ = {isa = PBXFileReference; lastKnownFileType = text.plist.xml; path = Info.plist; sourceTree = "<group>"; };
		22507A2E20CC10A8004F5D3E /* PushService.swift */ = {isa = PBXFileReference; lastKnownFileType = sourcecode.swift; path = PushService.swift; sourceTree = "<group>"; };
		22EF2D8E20CBF4C800732155 /* HfG-Menu.app */ = {isa = PBXFileReference; explicitFileType = wrapper.application; includeInIndex = 0; path = "HfG-Menu.app"; sourceTree = BUILT_PRODUCTS_DIR; };
		22EF2D9120CBF4C800732155 /* AppDelegate.swift */ = {isa = PBXFileReference; lastKnownFileType = sourcecode.swift; path = AppDelegate.swift; sourceTree = "<group>"; };
		22EF2D9320CBF4C800732155 /* ViewController.swift */ = {isa = PBXFileReference; lastKnownFileType = sourcecode.swift; path = ViewController.swift; sourceTree = "<group>"; };
		22EF2D9620CBF4C900732155 /* Base */ = {isa = PBXFileReference; lastKnownFileType = file.storyboard; name = Base; path = Base.lproj/Main.storyboard; sourceTree = "<group>"; };
		22EF2D9820CBF4CB00732155 /* Assets.xcassets */ = {isa = PBXFileReference; lastKnownFileType = folder.assetcatalog; path = Assets.xcassets; sourceTree = "<group>"; };
		22EF2D9B20CBF4CB00732155 /* Base */ = {isa = PBXFileReference; lastKnownFileType = file.storyboard; name = Base; path = Base.lproj/LaunchScreen.storyboard; sourceTree = "<group>"; };
		22EF2D9D20CBF4CB00732155 /* Info.plist */ = {isa = PBXFileReference; lastKnownFileType = text.plist.xml; path = Info.plist; sourceTree = "<group>"; };
/* End PBXFileReference section */

/* Begin PBXFrameworksBuildPhase section */
		22507A0A20CC0F56004F5D3E /* Frameworks */ = {
			isa = PBXFrameworksBuildPhase;
			buildActionMask = 2147483647;
			files = (
			);
			runOnlyForDeploymentPostprocessing = 0;
		};
		22507A1320CC0F57004F5D3E /* Frameworks */ = {
			isa = PBXFrameworksBuildPhase;
			buildActionMask = 2147483647;
			files = (
				22507A1920CC0F57004F5D3E /* IntentsUI.framework in Frameworks */,
			);
			runOnlyForDeploymentPostprocessing = 0;
		};
		22EF2D8B20CBF4C800732155 /* Frameworks */ = {
			isa = PBXFrameworksBuildPhase;
			buildActionMask = 2147483647;
			files = (
				22332A5320CD598E004FFCB9 /* Lottie.framework in Frameworks */,
			);
			runOnlyForDeploymentPostprocessing = 0;
		};
/* End PBXFrameworksBuildPhase section */

/* Begin PBXGroup section */
		22507A0E20CC0F56004F5D3E /* Menu Intent */ = {
			isa = PBXGroup;
			children = (
				22507A0F20CC0F56004F5D3E /* IntentHandler.swift */,
				22507A1120CC0F56004F5D3E /* Info.plist */,
			);
			path = "Menu Intent";
			sourceTree = "<group>";
		};
		22507A1720CC0F57004F5D3E /* Frameworks */ = {
			isa = PBXGroup;
			children = (
				22507A1820CC0F57004F5D3E /* IntentsUI.framework */,
			);
			name = Frameworks;
			sourceTree = "<group>";
		};
		22507A1A20CC0F57004F5D3E /* Menu IntentUI */ = {
			isa = PBXGroup;
			children = (
				22507A1B20CC0F57004F5D3E /* IntentViewController.swift */,
				22507A1D20CC0F57004F5D3E /* MainInterface.storyboard */,
				22507A2020CC0F57004F5D3E /* Info.plist */,
			);
			path = "Menu IntentUI";
			sourceTree = "<group>";
		};
		22EF2D8520CBF4C800732155 = {
			isa = PBXGroup;
			children = (
				22332A5220CD598D004FFCB9 /* Lottie.framework */,
				22507A0720CC0B3C004F5D3E /* Constants.swift */,
				22EF2D9020CBF4C800732155 /* HfG-Menu */,
				22507A0E20CC0F56004F5D3E /* Menu Intent */,
				22507A1A20CC0F57004F5D3E /* Menu IntentUI */,
				22507A1720CC0F57004F5D3E /* Frameworks */,
				22EF2D8F20CBF4C800732155 /* Products */,
			);
			sourceTree = "<group>";
		};
		22EF2D8F20CBF4C800732155 /* Products */ = {
			isa = PBXGroup;
			children = (
				22EF2D8E20CBF4C800732155 /* HfG-Menu.app */,
				22507A0D20CC0F56004F5D3E /* Menu Intent.appex */,
				22507A1620CC0F57004F5D3E /* Menu IntentUI.appex */,
			);
			name = Products;
			sourceTree = "<group>";
		};
		22EF2D9020CBF4C800732155 /* HfG-Menu */ = {
			isa = PBXGroup;
			children = (
				22507A0620CC090E004F5D3E /* HfG-Menu.entitlements */,
				22EF2D9120CBF4C800732155 /* AppDelegate.swift */,
				22EF2D9320CBF4C800732155 /* ViewController.swift */,
				22EF2D9520CBF4C900732155 /* Main.storyboard */,
				22EF2D9820CBF4CB00732155 /* Assets.xcassets */,
				22EF2D9A20CBF4CB00732155 /* LaunchScreen.storyboard */,
				22EF2D9D20CBF4CB00732155 /* Info.plist */,
				22507A2E20CC10A8004F5D3E /* PushService.swift */,
				22332A5020CD5972004FFCB9 /* Success.json */,
			);
			path = "HfG-Menu";
			sourceTree = "<group>";
		};
/* End PBXGroup section */

/* Begin PBXNativeTarget section */
		22507A0C20CC0F56004F5D3E /* Menu Intent */ = {
			isa = PBXNativeTarget;
			buildConfigurationList = 22507A2A20CC0F57004F5D3E /* Build configuration list for PBXNativeTarget "Menu Intent" */;
			buildPhases = (
				22507A0920CC0F56004F5D3E /* Sources */,
				22507A0A20CC0F56004F5D3E /* Frameworks */,
				22507A0B20CC0F56004F5D3E /* Resources */,
			);
			buildRules = (
			);
			dependencies = (
			);
			name = "Menu Intent";
			productName = "Menu Intent";
			productReference = 22507A0D20CC0F56004F5D3E /* Menu Intent.appex */;
			productType = "com.apple.product-type.app-extension";
		};
		22507A1520CC0F57004F5D3E /* Menu IntentUI */ = {
			isa = PBXNativeTarget;
			buildConfigurationList = 22507A2720CC0F57004F5D3E /* Build configuration list for PBXNativeTarget "Menu IntentUI" */;
			buildPhases = (
				22507A1220CC0F57004F5D3E /* Sources */,
				22507A1320CC0F57004F5D3E /* Frameworks */,
				22507A1420CC0F57004F5D3E /* Resources */,
			);
			buildRules = (
			);
			dependencies = (
			);
			name = "Menu IntentUI";
			productName = "Menu IntentUI";
			productReference = 22507A1620CC0F57004F5D3E /* Menu IntentUI.appex */;
			productType = "com.apple.product-type.app-extension";
		};
		22EF2D8D20CBF4C800732155 /* HfG-Menu */ = {
			isa = PBXNativeTarget;
			buildConfigurationList = 22EF2DA020CBF4CB00732155 /* Build configuration list for PBXNativeTarget "HfG-Menu" */;
			buildPhases = (
				22EF2D8A20CBF4C800732155 /* Sources */,
				22EF2D8B20CBF4C800732155 /* Frameworks */,
				22EF2D8C20CBF4C800732155 /* Resources */,
				22507A2D20CC0F57004F5D3E /* Embed App Extensions */,
				22332A5520CD598E004FFCB9 /* Embed Frameworks */,
			);
			buildRules = (
			);
			dependencies = (
				22507A2220CC0F57004F5D3E /* PBXTargetDependency */,
				22507A2520CC0F57004F5D3E /* PBXTargetDependency */,
			);
			name = "HfG-Menu";
			productName = "HfG-Menu";
			productReference = 22EF2D8E20CBF4C800732155 /* HfG-Menu.app */;
			productType = "com.apple.product-type.application";
		};
/* End PBXNativeTarget section */

/* Begin PBXProject section */
		22EF2D8620CBF4C800732155 /* Project object */ = {
			isa = PBXProject;
			attributes = {
				LastSwiftUpdateCheck = 1000;
				LastUpgradeCheck = 0940;
				ORGANIZATIONNAME = sam0711er;
				TargetAttributes = {
					22507A0C20CC0F56004F5D3E = {
						CreatedOnToolsVersion = 10.0;
					};
					22507A1520CC0F57004F5D3E = {
						CreatedOnToolsVersion = 10.0;
					};
					22EF2D8D20CBF4C800732155 = {
						CreatedOnToolsVersion = 9.4;
						SystemCapabilities = {
							com.apple.Siri = {
								enabled = 1;
							};
						};
					};
				};
			};
			buildConfigurationList = 22EF2D8920CBF4C800732155 /* Build configuration list for PBXProject "HfG-Menu" */;
			compatibilityVersion = "Xcode 9.3";
			developmentRegion = en;
			hasScannedForEncodings = 0;
			knownRegions = (
				en,
				Base,
			);
			mainGroup = 22EF2D8520CBF4C800732155;
			productRefGroup = 22EF2D8F20CBF4C800732155 /* Products */;
			projectDirPath = "";
			projectRoot = "";
			targets = (
				22EF2D8D20CBF4C800732155 /* HfG-Menu */,
				22507A0C20CC0F56004F5D3E /* Menu Intent */,
				22507A1520CC0F57004F5D3E /* Menu IntentUI */,
			);
		};
/* End PBXProject section */

/* Begin PBXResourcesBuildPhase section */
		22507A0B20CC0F56004F5D3E /* Resources */ = {
			isa = PBXResourcesBuildPhase;
			buildActionMask = 2147483647;
			files = (
			);
			runOnlyForDeploymentPostprocessing = 0;
		};
		22507A1420CC0F57004F5D3E /* Resources */ = {
			isa = PBXResourcesBuildPhase;
			buildActionMask = 2147483647;
			files = (
				22507A1F20CC0F57004F5D3E /* MainInterface.storyboard in Resources */,
			);
			runOnlyForDeploymentPostprocessing = 0;
		};
		22EF2D8C20CBF4C800732155 /* Resources */ = {
			isa = PBXResourcesBuildPhase;
			buildActionMask = 2147483647;
			files = (
				22EF2D9C20CBF4CB00732155 /* LaunchScreen.storyboard in Resources */,
				22332A5120CD5972004FFCB9 /* Success.json in Resources */,
				22EF2D9920CBF4CB00732155 /* Assets.xcassets in Resources */,
				22EF2D9720CBF4C900732155 /* Main.storyboard in Resources */,
			);
			runOnlyForDeploymentPostprocessing = 0;
		};
/* End PBXResourcesBuildPhase section */

/* Begin PBXSourcesBuildPhase section */
		22507A0920CC0F56004F5D3E /* Sources */ = {
			isa = PBXSourcesBuildPhase;
			buildActionMask = 2147483647;
			files = (
				22507A1020CC0F56004F5D3E /* IntentHandler.swift in Sources */,
				22507A3020CC11DE004F5D3E /* PushService.swift in Sources */,
			);
			runOnlyForDeploymentPostprocessing = 0;
		};
		22507A1220CC0F57004F5D3E /* Sources */ = {
			isa = PBXSourcesBuildPhase;
			buildActionMask = 2147483647;
			files = (
				22507A1C20CC0F57004F5D3E /* IntentViewController.swift in Sources */,
				22507A3120CC11DF004F5D3E /* PushService.swift in Sources */,
			);
			runOnlyForDeploymentPostprocessing = 0;
		};
		22EF2D8A20CBF4C800732155 /* Sources */ = {
			isa = PBXSourcesBuildPhase;
			buildActionMask = 2147483647;
			files = (
				22EF2D9420CBF4C800732155 /* ViewController.swift in Sources */,
				22507A2F20CC10A8004F5D3E /* PushService.swift in Sources */,
				22EF2D9220CBF4C800732155 /* AppDelegate.swift in Sources */,
				22507A0820CC0B3C004F5D3E /* Constants.swift in Sources */,
			);
			runOnlyForDeploymentPostprocessing = 0;
		};
/* End PBXSourcesBuildPhase section */

/* Begin PBXTargetDependency section */
		22507A2220CC0F57004F5D3E /* PBXTargetDependency */ = {
			isa = PBXTargetDependency;
			target = 22507A1520CC0F57004F5D3E /* Menu IntentUI */;
			targetProxy = 22507A2120CC0F57004F5D3E /* PBXContainerItemProxy */;
		};
		22507A2520CC0F57004F5D3E /* PBXTargetDependency */ = {
			isa = PBXTargetDependency;
			target = 22507A0C20CC0F56004F5D3E /* Menu Intent */;
			targetProxy = 22507A2420CC0F57004F5D3E /* PBXContainerItemProxy */;
		};
/* End PBXTargetDependency section */

/* Begin PBXVariantGroup section */
		22507A1D20CC0F57004F5D3E /* MainInterface.storyboard */ = {
			isa = PBXVariantGroup;
			children = (
				22507A1E20CC0F57004F5D3E /* Base */,
			);
			name = MainInterface.storyboard;
			sourceTree = "<group>";
		};
		22EF2D9520CBF4C900732155 /* Main.storyboard */ = {
			isa = PBXVariantGroup;
			children = (
				22EF2D9620CBF4C900732155 /* Base */,
			);
			name = Main.storyboard;
			sourceTree = "<group>";
		};
		22EF2D9A20CBF4CB00732155 /* LaunchScreen.storyboard */ = {
			isa = PBXVariantGroup;
			children = (
				22EF2D9B20CBF4CB00732155 /* Base */,
			);
			name = LaunchScreen.storyboard;
			sourceTree = "<group>";
		};
/* End PBXVariantGroup section */

/* Begin XCBuildConfiguration section */
		22507A2820CC0F57004F5D3E /* Debug */ = {
			isa = XCBuildConfiguration;
			buildSettings = {
				CODE_SIGN_STYLE = Automatic;
				DEVELOPMENT_TEAM = 588YB87VLP;
				INFOPLIST_FILE = "Menu IntentUI/Info.plist";
				IPHONEOS_DEPLOYMENT_TARGET = 11.4;
				LD_RUNPATH_SEARCH_PATHS = (
					"$(inherited)",
					"@executable_path/Frameworks",
					"@executable_path/../../Frameworks",
				);
				MTL_ENABLE_DEBUG_INFO = INCLUDE_SOURCE;
				PRODUCT_BUNDLE_IDENTIFIER = "com.sam0711er.HfG-Menu.Menu-IntentUI";
				PRODUCT_NAME = "$(TARGET_NAME)";
				SKIP_INSTALL = YES;
				SWIFT_VERSION = 4.2;
				TARGETED_DEVICE_FAMILY = "1,2";
			};
			name = Debug;
		};
		22507A2920CC0F57004F5D3E /* Release */ = {
			isa = XCBuildConfiguration;
			buildSettings = {
				CODE_SIGN_STYLE = Automatic;
				DEVELOPMENT_TEAM = 588YB87VLP;
				INFOPLIST_FILE = "Menu IntentUI/Info.plist";
				IPHONEOS_DEPLOYMENT_TARGET = 11.4;
				LD_RUNPATH_SEARCH_PATHS = (
					"$(inherited)",
					"@executable_path/Frameworks",
					"@executable_path/../../Frameworks",
				);
				PRODUCT_BUNDLE_IDENTIFIER = "com.sam0711er.HfG-Menu.Menu-IntentUI";
				PRODUCT_NAME = "$(TARGET_NAME)";
				SKIP_INSTALL = YES;
				SWIFT_VERSION = 4.2;
				TARGETED_DEVICE_FAMILY = "1,2";
			};
			name = Release;
		};
		22507A2B20CC0F57004F5D3E /* Debug */ = {
			isa = XCBuildConfiguration;
			buildSettings = {
				CODE_SIGN_STYLE = Automatic;
				DEVELOPMENT_TEAM = 588YB87VLP;
				INFOPLIST_FILE = "Menu Intent/Info.plist";
				IPHONEOS_DEPLOYMENT_TARGET = 11.4;
				LD_RUNPATH_SEARCH_PATHS = (
					"$(inherited)",
					"@executable_path/Frameworks",
					"@executable_path/../../Frameworks",
				);
				MTL_ENABLE_DEBUG_INFO = INCLUDE_SOURCE;
				PRODUCT_BUNDLE_IDENTIFIER = "com.sam0711er.HfG-Menu.Menu-Intent";
				PRODUCT_NAME = "$(TARGET_NAME)";
				SKIP_INSTALL = YES;
				SWIFT_VERSION = 4.2;
				TARGETED_DEVICE_FAMILY = "1,2";
			};
			name = Debug;
		};
		22507A2C20CC0F57004F5D3E /* Release */ = {
			isa = XCBuildConfiguration;
			buildSettings = {
				CODE_SIGN_STYLE = Automatic;
				DEVELOPMENT_TEAM = 588YB87VLP;
				INFOPLIST_FILE = "Menu Intent/Info.plist";
				IPHONEOS_DEPLOYMENT_TARGET = 11.4;
				LD_RUNPATH_SEARCH_PATHS = (
					"$(inherited)",
					"@executable_path/Frameworks",
					"@executable_path/../../Frameworks",
				);
				PRODUCT_BUNDLE_IDENTIFIER = "com.sam0711er.HfG-Menu.Menu-Intent";
				PRODUCT_NAME = "$(TARGET_NAME)";
				SKIP_INSTALL = YES;
				SWIFT_VERSION = 4.2;
				TARGETED_DEVICE_FAMILY = "1,2";
			};
			name = Release;
		};
		22EF2D9E20CBF4CB00732155 /* Debug */ = {
			isa = XCBuildConfiguration;
			buildSettings = {
				ALWAYS_SEARCH_USER_PATHS = NO;
				CLANG_ANALYZER_NONNULL = YES;
				CLANG_ANALYZER_NUMBER_OBJECT_CONVERSION = YES_AGGRESSIVE;
				CLANG_CXX_LANGUAGE_STANDARD = "gnu++14";
				CLANG_CXX_LIBRARY = "libc++";
				CLANG_ENABLE_MODULES = YES;
				CLANG_ENABLE_OBJC_ARC = YES;
				CLANG_ENABLE_OBJC_WEAK = YES;
				CLANG_WARN_BLOCK_CAPTURE_AUTORELEASING = YES;
				CLANG_WARN_BOOL_CONVERSION = YES;
				CLANG_WARN_COMMA = YES;
				CLANG_WARN_CONSTANT_CONVERSION = YES;
				CLANG_WARN_DEPRECATED_OBJC_IMPLEMENTATIONS = YES;
				CLANG_WARN_DIRECT_OBJC_ISA_USAGE = YES_ERROR;
				CLANG_WARN_DOCUMENTATION_COMMENTS = YES;
				CLANG_WARN_EMPTY_BODY = YES;
				CLANG_WARN_ENUM_CONVERSION = YES;
				CLANG_WARN_INFINITE_RECURSION = YES;
				CLANG_WARN_INT_CONVERSION = YES;
				CLANG_WARN_NON_LITERAL_NULL_CONVERSION = YES;
				CLANG_WARN_OBJC_IMPLICIT_RETAIN_SELF = YES;
				CLANG_WARN_OBJC_LITERAL_CONVERSION = YES;
				CLANG_WARN_OBJC_ROOT_CLASS = YES_ERROR;
				CLANG_WARN_RANGE_LOOP_ANALYSIS = YES;
				CLANG_WARN_STRICT_PROTOTYPES = YES;
				CLANG_WARN_SUSPICIOUS_MOVE = YES;
				CLANG_WARN_UNGUARDED_AVAILABILITY = YES_AGGRESSIVE;
				CLANG_WARN_UNREACHABLE_CODE = YES;
				CLANG_WARN__DUPLICATE_METHOD_MATCH = YES;
				CODE_SIGN_IDENTITY = "iPhone Developer";
				COPY_PHASE_STRIP = NO;
				DEBUG_INFORMATION_FORMAT = dwarf;
				ENABLE_STRICT_OBJC_MSGSEND = YES;
				ENABLE_TESTABILITY = YES;
				GCC_C_LANGUAGE_STANDARD = gnu11;
				GCC_DYNAMIC_NO_PIC = NO;
				GCC_NO_COMMON_BLOCKS = YES;
				GCC_OPTIMIZATION_LEVEL = 0;
				GCC_PREPROCESSOR_DEFINITIONS = (
					"DEBUG=1",
					"$(inherited)",
				);
				GCC_WARN_64_TO_32_BIT_CONVERSION = YES;
				GCC_WARN_ABOUT_RETURN_TYPE = YES_ERROR;
				GCC_WARN_UNDECLARED_SELECTOR = YES;
				GCC_WARN_UNINITIALIZED_AUTOS = YES_AGGRESSIVE;
				GCC_WARN_UNUSED_FUNCTION = YES;
				GCC_WARN_UNUSED_VARIABLE = YES;
				IPHONEOS_DEPLOYMENT_TARGET = 11.4;
				MTL_ENABLE_DEBUG_INFO = YES;
				ONLY_ACTIVE_ARCH = YES;
				SDKROOT = iphoneos;
				SWIFT_ACTIVE_COMPILATION_CONDITIONS = DEBUG;
				SWIFT_OPTIMIZATION_LEVEL = "-Onone";
			};
			name = Debug;
		};
		22EF2D9F20CBF4CB00732155 /* Release */ = {
			isa = XCBuildConfiguration;
			buildSettings = {
				ALWAYS_SEARCH_USER_PATHS = NO;
				CLANG_ANALYZER_NONNULL = YES;
				CLANG_ANALYZER_NUMBER_OBJECT_CONVERSION = YES_AGGRESSIVE;
				CLANG_CXX_LANGUAGE_STANDARD = "gnu++14";
				CLANG_CXX_LIBRARY = "libc++";
				CLANG_ENABLE_MODULES = YES;
				CLANG_ENABLE_OBJC_ARC = YES;
				CLANG_ENABLE_OBJC_WEAK = YES;
				CLANG_WARN_BLOCK_CAPTURE_AUTORELEASING = YES;
				CLANG_WARN_BOOL_CONVERSION = YES;
				CLANG_WARN_COMMA = YES;
				CLANG_WARN_CONSTANT_CONVERSION = YES;
				CLANG_WARN_DEPRECATED_OBJC_IMPLEMENTATIONS = YES;
				CLANG_WARN_DIRECT_OBJC_ISA_USAGE = YES_ERROR;
				CLANG_WARN_DOCUMENTATION_COMMENTS = YES;
				CLANG_WARN_EMPTY_BODY = YES;
				CLANG_WARN_ENUM_CONVERSION = YES;
				CLANG_WARN_INFINITE_RECURSION = YES;
				CLANG_WARN_INT_CONVERSION = YES;
				CLANG_WARN_NON_LITERAL_NULL_CONVERSION = YES;
				CLANG_WARN_OBJC_IMPLICIT_RETAIN_SELF = YES;
				CLANG_WARN_OBJC_LITERAL_CONVERSION = YES;
				CLANG_WARN_OBJC_ROOT_CLASS = YES_ERROR;
				CLANG_WARN_RANGE_LOOP_ANALYSIS = YES;
				CLANG_WARN_STRICT_PROTOTYPES = YES;
				CLANG_WARN_SUSPICIOUS_MOVE = YES;
				CLANG_WARN_UNGUARDED_AVAILABILITY = YES_AGGRESSIVE;
				CLANG_WARN_UNREACHABLE_CODE = YES;
				CLANG_WARN__DUPLICATE_METHOD_MATCH = YES;
				CODE_SIGN_IDENTITY = "iPhone Developer";
				COPY_PHASE_STRIP = NO;
				DEBUG_INFORMATION_FORMAT = "dwarf-with-dsym";
				ENABLE_NS_ASSERTIONS = NO;
				ENABLE_STRICT_OBJC_MSGSEND = YES;
				GCC_C_LANGUAGE_STANDARD = gnu11;
				GCC_NO_COMMON_BLOCKS = YES;
				GCC_WARN_64_TO_32_BIT_CONVERSION = YES;
				GCC_WARN_ABOUT_RETURN_TYPE = YES_ERROR;
				GCC_WARN_UNDECLARED_SELECTOR = YES;
				GCC_WARN_UNINITIALIZED_AUTOS = YES_AGGRESSIVE;
				GCC_WARN_UNUSED_FUNCTION = YES;
				GCC_WARN_UNUSED_VARIABLE = YES;
				IPHONEOS_DEPLOYMENT_TARGET = 11.4;
				MTL_ENABLE_DEBUG_INFO = NO;
				SDKROOT = iphoneos;
				SWIFT_COMPILATION_MODE = wholemodule;
				SWIFT_OPTIMIZATION_LEVEL = "-O";
				VALIDATE_PRODUCT = YES;
			};
			name = Release;
		};
		22EF2DA120CBF4CB00732155 /* Debug */ = {
			isa = XCBuildConfiguration;
			buildSettings = {
				ALWAYS_EMBED_SWIFT_STANDARD_LIBRARIES = YES;
				ASSETCATALOG_COMPILER_APPICON_NAME = AppIcon;
				CODE_SIGN_ENTITLEMENTS = "HfG-Menu/HfG-Menu.entitlements";
				CODE_SIGN_STYLE = Automatic;
				DEVELOPMENT_TEAM = 588YB87VLP;
				FRAMEWORK_SEARCH_PATHS = (
					"$(inherited)",
					"$(PROJECT_DIR)/Carthage/Build/iOS",
				);
				INFOPLIST_FILE = "HfG-Menu/Info.plist";
				LD_RUNPATH_SEARCH_PATHS = (
					"$(inherited)",
					"@executable_path/Frameworks",
				);
				PRODUCT_BUNDLE_IDENTIFIER = "com.sam0711er.HfG-Menu";
				PRODUCT_NAME = "$(TARGET_NAME)";
				SWIFT_VERSION = 4.0;
				TARGETED_DEVICE_FAMILY = "1,2";
			};
			name = Debug;
		};
		22EF2DA220CBF4CB00732155 /* Release */ = {
			isa = XCBuildConfiguration;
			buildSettings = {
				ALWAYS_EMBED_SWIFT_STANDARD_LIBRARIES = YES;
				ASSETCATALOG_COMPILER_APPICON_NAME = AppIcon;
				CODE_SIGN_ENTITLEMENTS = "HfG-Menu/HfG-Menu.entitlements";
				CODE_SIGN_STYLE = Automatic;
				DEVELOPMENT_TEAM = 588YB87VLP;
				FRAMEWORK_SEARCH_PATHS = (
					"$(inherited)",
					"$(PROJECT_DIR)/Carthage/Build/iOS",
				);
				INFOPLIST_FILE = "HfG-Menu/Info.plist";
				LD_RUNPATH_SEARCH_PATHS = (
					"$(inherited)",
					"@executable_path/Frameworks",
				);
				PRODUCT_BUNDLE_IDENTIFIER = "com.sam0711er.HfG-Menu";
				PRODUCT_NAME = "$(TARGET_NAME)";
				SWIFT_VERSION = 4.0;
				TARGETED_DEVICE_FAMILY = "1,2";
			};
			name = Release;
		};
/* End XCBuildConfiguration section */

/* Begin XCConfigurationList section */
		22507A2720CC0F57004F5D3E /* Build configuration list for PBXNativeTarget "Menu IntentUI" */ = {
			isa = XCConfigurationList;
			buildConfigurations = (
				22507A2820CC0F57004F5D3E /* Debug */,
				22507A2920CC0F57004F5D3E /* Release */,
			);
			defaultConfigurationIsVisible = 0;
			defaultConfigurationName = Release;
		};
		22507A2A20CC0F57004F5D3E /* Build configuration list for PBXNativeTarget "Menu Intent" */ = {
			isa = XCConfigurationList;
			buildConfigurations = (
				22507A2B20CC0F57004F5D3E /* Debug */,
				22507A2C20CC0F57004F5D3E /* Release */,
			);
			defaultConfigurationIsVisible = 0;
			defaultConfigurationName = Release;
		};
		22EF2D8920CBF4C800732155 /* Build configuration list for PBXProject "HfG-Menu" */ = {
			isa = XCConfigurationList;
			buildConfigurations = (
				22EF2D9E20CBF4CB00732155 /* Debug */,
				22EF2D9F20CBF4CB00732155 /* Release */,
			);
			defaultConfigurationIsVisible = 0;
			defaultConfigurationName = Release;
		};
		22EF2DA020CBF4CB00732155 /* Build configuration list for PBXNativeTarget "HfG-Menu" */ = {
			isa = XCConfigurationList;
			buildConfigurations = (
				22EF2DA120CBF4CB00732155 /* Debug */,
				22EF2DA220CBF4CB00732155 /* Release */,
			);
			defaultConfigurationIsVisible = 0;
			defaultConfigurationName = Release;
		};
/* End XCConfigurationList section */
	};
	rootObject = 22EF2D8620CBF4C800732155 /* Project object */;
}
